// !$*UTF8*$!
{
	archiveVersion = 1;
	classes = {
	};
	objectVersion = 46;
	objects = {

/* Begin PBXBuildFile section */
		D614E6081C7E2F4F0017890C /* Snake.cpp in Sources */ = {isa = PBXBuildFile; fileRef = D614E6061C7E2F4F0017890C /* Snake.cpp */; };
		D630FAE01C7F982D00A6F418 /* World.cpp in Sources */ = {isa = PBXBuildFile; fileRef = D630FADE1C7F982D00A6F418 /* World.cpp */; };
		D63A58241C7D25AA00EC1C97 /* Game.cpp in Sources */ = {isa = PBXBuildFile; fileRef = D63A58221C7D25AA00EC1C97 /* Game.cpp */; };
		D6810F2B1C82157300A603C5 /* Textbox.cpp in Sources */ = {isa = PBXBuildFile; fileRef = D6810F291C82157300A603C5 /* Textbox.cpp */; };
		D6810F2F1C836D6E00A603C5 /* arial.ttf in Resources */ = {isa = PBXBuildFile; fileRef = D6810F2E1C836D6E00A603C5 /* arial.ttf */; };
		D6810F341C8376CD00A603C5 /* EventManager.cpp in Sources */ = {isa = PBXBuildFile; fileRef = D6810F321C8376CD00A603C5 /* EventManager.cpp */; };
		D6842DDE1C7D161F00691541 /* Window.cpp in Sources */ = {isa = PBXBuildFile; fileRef = D6842DDC1C7D161F00691541 /* Window.cpp */; };
		D6C50BC61C7D152E00C2CCBC /* ResourcePath.mm in Sources */ = {isa = PBXBuildFile; fileRef = D6C50BC51C7D152E00C2CCBC /* ResourcePath.mm */; };
		D6C50BC91C7D152E00C2CCBC /* main.cpp in Sources */ = {isa = PBXBuildFile; fileRef = D6C50BC81C7D152E00C2CCBC /* main.cpp */; };
/* End PBXBuildFile section */

/* Begin PBXFileReference section */
		D614E6061C7E2F4F0017890C /* Snake.cpp */ = {isa = PBXFileReference; fileEncoding = 4; lastKnownFileType = sourcecode.cpp.cpp; path = Snake.cpp; sourceTree = "<group>"; };
		D614E6071C7E2F4F0017890C /* Snake.hpp */ = {isa = PBXFileReference; fileEncoding = 4; lastKnownFileType = sourcecode.cpp.h; path = Snake.hpp; sourceTree = "<group>"; };
		D630FADE1C7F982D00A6F418 /* World.cpp */ = {isa = PBXFileReference; fileEncoding = 4; lastKnownFileType = sourcecode.cpp.cpp; path = World.cpp; sourceTree = "<group>"; };
		D630FADF1C7F982D00A6F418 /* World.hpp */ = {isa = PBXFileReference; fileEncoding = 4; lastKnownFileType = sourcecode.cpp.h; path = World.hpp; sourceTree = "<group>"; };
		D63A58221C7D25AA00EC1C97 /* Game.cpp */ = {isa = PBXFileReference; fileEncoding = 4; lastKnownFileType = sourcecode.cpp.cpp; path = Game.cpp; sourceTree = "<group>"; };
		D63A58231C7D25AA00EC1C97 /* Game.hpp */ = {isa = PBXFileReference; fileEncoding = 4; lastKnownFileType = sourcecode.cpp.h; path = Game.hpp; sourceTree = "<group>"; };
		D6810F291C82157300A603C5 /* Textbox.cpp */ = {isa = PBXFileReference; fileEncoding = 4; lastKnownFileType = sourcecode.cpp.cpp; path = Textbox.cpp; sourceTree = "<group>"; };
		D6810F2A1C82157300A603C5 /* Textbox.hpp */ = {isa = PBXFileReference; fileEncoding = 4; lastKnownFileType = sourcecode.cpp.h; path = Textbox.hpp; sourceTree = "<group>"; };
		D6810F2E1C836D6E00A603C5 /* arial.ttf */ = {isa = PBXFileReference; lastKnownFileType = file; path = arial.ttf; sourceTree = "<group>"; };
		D6810F321C8376CD00A603C5 /* EventManager.cpp */ = {isa = PBXFileReference; fileEncoding = 4; lastKnownFileType = sourcecode.cpp.cpp; path = EventManager.cpp; sourceTree = "<group>"; };
		D6810F331C8376CD00A603C5 /* EventManager.hpp */ = {isa = PBXFileReference; fileEncoding = 4; lastKnownFileType = sourcecode.cpp.h; path = EventManager.hpp; sourceTree = "<group>"; };
		D6842DDC1C7D161F00691541 /* Window.cpp */ = {isa = PBXFileReference; fileEncoding = 4; lastKnownFileType = sourcecode.cpp.cpp; path = Window.cpp; sourceTree = "<group>"; };
		D6842DDD1C7D161F00691541 /* Window.hpp */ = {isa = PBXFileReference; fileEncoding = 4; lastKnownFileType = sourcecode.cpp.h; path = Window.hpp; sourceTree = "<group>"; };
		D6C50BC01C7D152E00C2CCBC /* sfml_engine.app */ = {isa = PBXFileReference; explicitFileType = wrapper.application; includeInIndex = 0; path = sfml_engine.app; sourceTree = BUILT_PRODUCTS_DIR; };
		D6C50BC41C7D152E00C2CCBC /* sfml_engine-Info.plist */ = {isa = PBXFileReference; lastKnownFileType = text.plist.xml; path = "sfml_engine-Info.plist"; sourceTree = "<group>"; };
		D6C50BC51C7D152E00C2CCBC /* ResourcePath.mm */ = {isa = PBXFileReference; lastKnownFileType = sourcecode.cpp.objcpp; path = ResourcePath.mm; sourceTree = "<group>"; };
		D6C50BC71C7D152E00C2CCBC /* ResourcePath.hpp */ = {isa = PBXFileReference; lastKnownFileType = sourcecode.cpp.h; path = ResourcePath.hpp; sourceTree = "<group>"; };
		D6C50BC81C7D152E00C2CCBC /* main.cpp */ = {isa = PBXFileReference; lastKnownFileType = sourcecode.cpp.cpp; path = main.cpp; sourceTree = "<group>"; };
/* End PBXFileReference section */

/* Begin PBXFrameworksBuildPhase section */
		D6C50BBC1C7D152E00C2CCBC /* Frameworks */ = {
			isa = PBXFrameworksBuildPhase;
			buildActionMask = 2147483647;
			files = (
			);
			runOnlyForDeploymentPostprocessing = 0;
		};
/* End PBXFrameworksBuildPhase section */

/* Begin PBXGroup section */
		D614E6051C7E2F170017890C /* Engine */ = {
			isa = PBXGroup;
			children = (
				D6842DDC1C7D161F00691541 /* Window.cpp */,
				D6842DDD1C7D161F00691541 /* Window.hpp */,
				D6C50BC51C7D152E00C2CCBC /* ResourcePath.mm */,
				D6C50BC71C7D152E00C2CCBC /* ResourcePath.hpp */,
				D6810F291C82157300A603C5 /* Textbox.cpp */,
				D6810F2A1C82157300A603C5 /* Textbox.hpp */,
				D6810F321C8376CD00A603C5 /* EventManager.cpp */,
				D6810F331C8376CD00A603C5 /* EventManager.hpp */,
			);
			name = Engine;
			sourceTree = "<group>";
		};
		D63A58271C7DBE9600EC1C97 /* Game */ = {
			isa = PBXGroup;
			children = (
				D63A58221C7D25AA00EC1C97 /* Game.cpp */,
				D63A58231C7D25AA00EC1C97 /* Game.hpp */,
				D614E6061C7E2F4F0017890C /* Snake.cpp */,
				D614E6071C7E2F4F0017890C /* Snake.hpp */,
				D630FADE1C7F982D00A6F418 /* World.cpp */,
				D630FADF1C7F982D00A6F418 /* World.hpp */,
			);
			name = Game;
			sourceTree = "<group>";
		};
		D6C50BB61C7D152E00C2CCBC = {
			isa = PBXGroup;
			children = (
				D6C50BC21C7D152E00C2CCBC /* sfml_engine */,
				D6C50BC11C7D152E00C2CCBC /* Products */,
			);
			sourceTree = "<group>";
		};
		D6C50BC11C7D152E00C2CCBC /* Products */ = {
			isa = PBXGroup;
			children = (
				D6C50BC01C7D152E00C2CCBC /* sfml_engine.app */,
			);
			name = Products;
			sourceTree = "<group>";
		};
		D6C50BC21C7D152E00C2CCBC /* sfml_engine */ = {
			isa = PBXGroup;
			children = (
				D614E6051C7E2F170017890C /* Engine */,
				D63A58271C7DBE9600EC1C97 /* Game */,
				D6C50BC81C7D152E00C2CCBC /* main.cpp */,
				D6C50BCA1C7D152E00C2CCBC /* Resources */,
				D6C50BC31C7D152E00C2CCBC /* Supporting Files */,
			);
			path = sfml_engine;
			sourceTree = "<group>";
		};
		D6C50BC31C7D152E00C2CCBC /* Supporting Files */ = {
			isa = PBXGroup;
			children = (
				D6C50BC41C7D152E00C2CCBC /* sfml_engine-Info.plist */,
			);
			name = "Supporting Files";
			sourceTree = "<group>";
		};
		D6C50BCA1C7D152E00C2CCBC /* Resources */ = {
			isa = PBXGroup;
			children = (
				D6810F2E1C836D6E00A603C5 /* arial.ttf */,
			);
			name = Resources;
			sourceTree = "<group>";
		};
/* End PBXGroup section */

/* Begin PBXNativeTarget section */
		D6C50BBF1C7D152E00C2CCBC /* sfml_engine */ = {
			isa = PBXNativeTarget;
			buildConfigurationList = D6C50BD51C7D152E00C2CCBC /* Build configuration list for PBXNativeTarget "sfml_engine" */;
			buildPhases = (
				D6C50BBB1C7D152E00C2CCBC /* Sources */,
				D6C50BBC1C7D152E00C2CCBC /* Frameworks */,
				D6C50BBD1C7D152E00C2CCBC /* Resources */,
				D6C50BBE1C7D152E00C2CCBC /* ShellScript */,
			);
			buildRules = (
			);
			dependencies = (
			);
			name = sfml_engine;
			productName = sfml_engine;
			productReference = D6C50BC01C7D152E00C2CCBC /* sfml_engine.app */;
			productType = "com.apple.product-type.application";
		};
/* End PBXNativeTarget section */

/* Begin PBXProject section */
		D6C50BB71C7D152E00C2CCBC /* Project object */ = {
			isa = PBXProject;
			attributes = {
				LastUpgradeCheck = 0720;
				ORGANIZATIONNAME = "Gandhi Games";
				TargetAttributes = {
					D6C50BBF1C7D152E00C2CCBC = {
						CreatedOnToolsVersion = 7.2.1;
					};
				};
			};
			buildConfigurationList = D6C50BBA1C7D152E00C2CCBC /* Build configuration list for PBXProject "sfml_engine" */;
			compatibilityVersion = "Xcode 3.2";
			developmentRegion = English;
			hasScannedForEncodings = 0;
			knownRegions = (
				en,
			);
			mainGroup = D6C50BB61C7D152E00C2CCBC;
			productRefGroup = D6C50BC11C7D152E00C2CCBC /* Products */;
			projectDirPath = "";
			projectRoot = "";
			targets = (
				D6C50BBF1C7D152E00C2CCBC /* sfml_engine */,
			);
		};
/* End PBXProject section */

/* Begin PBXResourcesBuildPhase section */
		D6C50BBD1C7D152E00C2CCBC /* Resources */ = {
			isa = PBXResourcesBuildPhase;
			buildActionMask = 2147483647;
			files = (
				D6810F2F1C836D6E00A603C5 /* arial.ttf in Resources */,
			);
			runOnlyForDeploymentPostprocessing = 0;
		};
/* End PBXResourcesBuildPhase section */

/* Begin PBXShellScriptBuildPhase section */
		D6C50BBE1C7D152E00C2CCBC /* ShellScript */ = {
			isa = PBXShellScriptBuildPhase;
			buildActionMask = 2147483647;
			files = (
			);
			inputPaths = (
			);
			outputPaths = (
			);
			runOnlyForDeploymentPostprocessing = 0;
			shellPath = /bin/sh;
			shellScript = "# This shell script simply copies required SFML dylibs/frameworks into the application bundle frameworks folder.\n# If you're using static libraries (which is not recommended) you should remove this script from your project.\n\n# SETTINGS\nCMAKE_INSTALL_FRAMEWORK_PREFIX=\"/Library/Frameworks\"\nCMAKE_INSTALL_LIB_PREFIX=\"/usr/local/lib\"\nFRAMEWORKS_FULL_PATH=\"$BUILT_PRODUCTS_DIR/$FRAMEWORKS_FOLDER_PATH/\"\n\n# Are we building a project that uses frameworks or dylibs?\ncase \"$SFML_BINARY_TYPE\" in\n    DYLIBS)\n        frameworks=\"false\"\n        ;;\n    *)\n        frameworks=\"true\"\n        ;;\nesac\n\n# Echoes to stderr\nerror () # $* message to display\n{\n    echo $* 1>&2\n    exit 2\n}\n\nassert () # $1 is a boolean, $2...N is an error message\n{\n    if [ $# -lt 2 ]\n    then\n        error \"Internal error in assert: not enough args\"\n    fi\n\n    if [ $1 -ne 0 ]\n    then\n        shift\n        error \"$*\"\n    fi\n}\n\nforce_remove () # $@ is some paths\n{\n    test $# -ge 1\n    assert $? \"force_remove() requires at least one parameter\"\n    rm -fr $@\n    assert $? \"couldn't remove $@\"\n}\n\ncopy () # $1 is a source, $2 is a destination\n{\n    test $# -eq 2\n    assert $? \"copy() requires two parameters\"\n    ditto \"$1\" \"$2\"\n    assert $? \"couldn't copy $1 to $2\"\n}\n\nrequire () # $1 is a SFML module like 'system' or 'audio'\n{\n    dest=\"$BUILT_PRODUCTS_DIR/$FRAMEWORKS_FOLDER_PATH/\"\n\n    if [ -z \"$1\" ]\n    then\n        error \"require() requires one parameter!\"\n    else\n        # clean potentially old stuff\n        force_remove \"$dest/libsfml-$1\"*\n        force_remove \"$dest/sfml-$1.framework\"\n\n        # copy SFML libraries\n        if [ \"$frameworks\" = \"true\" ]\n        then\n            source=\"$CMAKE_INSTALL_FRAMEWORK_PREFIX/sfml-$1.framework\"\n            target=\"sfml-$1.framework\"\n        elif [ \"$SFML_LINK_DYLIBS_SUFFIX\" = \"-d\" ]\n        then\n            source=\"$CMAKE_INSTALL_LIB_PREFIX/libsfml-$1-d.dylib\"\n            target=\"`readlink $source`\"\n        else\n            source=\"$CMAKE_INSTALL_LIB_PREFIX/libsfml-$1.dylib\"\n            target=\"`readlink $source`\"\n        fi\n\n        copy \"$source\" \"$dest/$target\"\n\n        # copy extra dependencies\n        if [ \"$1\" = \"audio\" ]\n        then\n            # copy \"FLAC\" \"ogg\" \"vorbis\" \"vorbisenc\" \"vorbisfile\" \"OpenAL\" frameworks too\n            for f in \"FLAC\" \"ogg\" \"vorbis\" \"vorbisenc\" \"vorbisfile\" \"OpenAL\"\n            do\n                copy \"$CMAKE_INSTALL_FRAMEWORK_PREFIX/$f.framework\" \"$dest/$f.framework\"\n            done\n        elif [ \"$1\" = \"graphics\" ]\n        then\n            copy \"$CMAKE_INSTALL_FRAMEWORK_PREFIX/freetype.framework\" \"$dest/freetype.framework\"\n        fi\n    fi\n}\n\nif [ -n \"$SFML_SYSTEM\" ]\nthen\n    require \"system\"\nfi\n\nif [ -n \"$SFML_AUDIO\" ]\nthen\n    require \"audio\"\nfi\n\nif [ -n \"$SFML_NETWORK\" ]\nthen\n    require \"network\"\nfi\n\nif [ -n \"$SFML_WINDOW\" ]\nthen\n    require \"window\"\nfi\n\nif [ -n \"$SFML_GRAPHICS\" ]\nthen\n    require \"graphics\"\nfi\n\n                ";
		};
/* End PBXShellScriptBuildPhase section */

/* Begin PBXSourcesBuildPhase section */
		D6C50BBB1C7D152E00C2CCBC /* Sources */ = {
			isa = PBXSourcesBuildPhase;
			buildActionMask = 2147483647;
			files = (
				D6C50BC91C7D152E00C2CCBC /* main.cpp in Sources */,
				D6842DDE1C7D161F00691541 /* Window.cpp in Sources */,
				D6810F2B1C82157300A603C5 /* Textbox.cpp in Sources */,
				D630FAE01C7F982D00A6F418 /* World.cpp in Sources */,
				D614E6081C7E2F4F0017890C /* Snake.cpp in Sources */,
				D6C50BC61C7D152E00C2CCBC /* ResourcePath.mm in Sources */,
				D6810F341C8376CD00A603C5 /* EventManager.cpp in Sources */,
				D63A58241C7D25AA00EC1C97 /* Game.cpp in Sources */,
			);
			runOnlyForDeploymentPostprocessing = 0;
		};
/* End PBXSourcesBuildPhase section */

/* Begin XCBuildConfiguration section */
		D6C50BD31C7D152E00C2CCBC /* Debug */ = {
			isa = XCBuildConfiguration;
			buildSettings = {
				ARCHS = (
					i386,
					x86_64,
				);
				CLANG_CXX_LANGUAGE_STANDARD = "c++0x";
				CLANG_CXX_LIBRARY = "libc++";
				FRAMEWORK_SEARCH_PATHS = (
					/Library/Frameworks/,
					"$(inherited)",
				);
				GCC_VERSION = com.apple.compilers.llvm.clang.1_0;
				HEADER_SEARCH_PATHS = (
					/usr/local/include/,
					"$(inherited)",
				);
				LIBRARY_SEARCH_PATHS = (
					/usr/local/lib/,
					"$(inherited)",
				);
				MACOSX_DEPLOYMENT_TARGET = 10.7;
				OTHER_LDFLAGS = (
					"$(inherited)",
					"$(SFML_SYSTEM)",
					"$(SFML_WINDOW)",
					"$(SFML_GRAPHICS)",
					"$(SFML_AUDIO)",
					"$(SFML_NETWORK)",
				);
				SFML_AUDIO = "$(SFML_LINK_PREFIX) sfml-audio$(SFML_LINK_SUFFIX)";
				SFML_BINARY_TYPE = FRAMEWORKS;
				SFML_GRAPHICS = "$(SFML_LINK_PREFIX) sfml-graphics$(SFML_LINK_SUFFIX)";
				SFML_LINK_DYLIBS_PREFIX = "-l";
				SFML_LINK_DYLIBS_SUFFIX = "";
				SFML_LINK_FRAMEWORKS_PREFIX = "-framework";
				SFML_LINK_FRAMEWORKS_SUFFIX = "";
				SFML_LINK_PREFIX = "$(SFML_LINK_$(SFML_BINARY_TYPE)_PREFIX)";
				SFML_LINK_SUFFIX = "$(SFML_LINK_$(SFML_BINARY_TYPE)_SUFFIX)";
				SFML_NETWORK = "$(SFML_LINK_PREFIX) sfml-network$(SFML_LINK_SUFFIX)";
				SFML_SYSTEM = "$(SFML_LINK_PREFIX) sfml-system$(SFML_LINK_SUFFIX)";
				SFML_WINDOW = "$(SFML_LINK_PREFIX) sfml-window$(SFML_LINK_SUFFIX)";
				SUPPORTED_PLATFORMS = macosx;
			};
			name = Debug;
		};
		D6C50BD41C7D152E00C2CCBC /* Release */ = {
			isa = XCBuildConfiguration;
			buildSettings = {
				ARCHS = (
					i386,
					x86_64,
				);
				CLANG_CXX_LANGUAGE_STANDARD = "c++0x";
				CLANG_CXX_LIBRARY = "libc++";
				FRAMEWORK_SEARCH_PATHS = (
					/Library/Frameworks/,
					"$(inherited)",
				);
				GCC_VERSION = com.apple.compilers.llvm.clang.1_0;
				HEADER_SEARCH_PATHS = (
					/usr/local/include/,
					"$(inherited)",
				);
				LIBRARY_SEARCH_PATHS = (
					/usr/local/lib/,
					"$(inherited)",
				);
				MACOSX_DEPLOYMENT_TARGET = 10.7;
				OTHER_LDFLAGS = (
					"$(inherited)",
					"$(SFML_SYSTEM)",
					"$(SFML_WINDOW)",
					"$(SFML_GRAPHICS)",
					"$(SFML_AUDIO)",
					"$(SFML_NETWORK)",
				);
				SFML_AUDIO = "$(SFML_LINK_PREFIX) sfml-audio$(SFML_LINK_SUFFIX)";
				SFML_BINARY_TYPE = FRAMEWORKS;
				SFML_GRAPHICS = "$(SFML_LINK_PREFIX) sfml-graphics$(SFML_LINK_SUFFIX)";
				SFML_LINK_DYLIBS_PREFIX = "-l";
				SFML_LINK_DYLIBS_SUFFIX = "";
				SFML_LINK_FRAMEWORKS_PREFIX = "-framework";
				SFML_LINK_FRAMEWORKS_SUFFIX = "";
				SFML_LINK_PREFIX = "$(SFML_LINK_$(SFML_BINARY_TYPE)_PREFIX)";
				SFML_LINK_SUFFIX = "$(SFML_LINK_$(SFML_BINARY_TYPE)_SUFFIX)";
				SFML_NETWORK = "$(SFML_LINK_PREFIX) sfml-network$(SFML_LINK_SUFFIX)";
				SFML_SYSTEM = "$(SFML_LINK_PREFIX) sfml-system$(SFML_LINK_SUFFIX)";
				SFML_WINDOW = "$(SFML_LINK_PREFIX) sfml-window$(SFML_LINK_SUFFIX)";
				SUPPORTED_PLATFORMS = macosx;
			};
			name = Release;
		};
		D6C50BD61C7D152E00C2CCBC /* Debug */ = {
			isa = XCBuildConfiguration;
			buildSettings = {
				INFOPLIST_FILE = "sfml_engine/sfml_engine-Info.plist";
				LD_RUNPATH_SEARCH_PATHS = "@loader_path/../Frameworks @executable_path/../Frameworks";
				LIBRARY_SEARCH_PATHS = "";
				PRODUCT_NAME = "$(TARGET_NAME)";
			};
			name = Debug;
		};
		D6C50BD71C7D152E00C2CCBC /* Release */ = {
			isa = XCBuildConfiguration;
			buildSettings = {
				INFOPLIST_FILE = "sfml_engine/sfml_engine-Info.plist";
				LD_RUNPATH_SEARCH_PATHS = "@loader_path/../Frameworks @executable_path/../Frameworks";
				LIBRARY_SEARCH_PATHS = "";
				PRODUCT_NAME = "$(TARGET_NAME)";
			};
			name = Release;
		};
/* End XCBuildConfiguration section */

/* Begin XCConfigurationList section */
		D6C50BBA1C7D152E00C2CCBC /* Build configuration list for PBXProject "sfml_engine" */ = {
			isa = XCConfigurationList;
			buildConfigurations = (
				D6C50BD31C7D152E00C2CCBC /* Debug */,
				D6C50BD41C7D152E00C2CCBC /* Release */,
			);
			defaultConfigurationIsVisible = 0;
			defaultConfigurationName = Release;
		};
		D6C50BD51C7D152E00C2CCBC /* Build configuration list for PBXNativeTarget "sfml_engine" */ = {
			isa = XCConfigurationList;
			buildConfigurations = (
				D6C50BD61C7D152E00C2CCBC /* Debug */,
				D6C50BD71C7D152E00C2CCBC /* Release */,
			);
			defaultConfigurationIsVisible = 0;
			defaultConfigurationName = Release;
		};
/* End XCConfigurationList section */
	};
	rootObject = D6C50BB71C7D152E00C2CCBC /* Project object */;
}
