// !$*UTF8*$!
{
	archiveVersion = 1;
	classes = {
	};
	objectVersion = 46;
	objects = {

/* Begin PBXBuildFile section */
		6600F5DE1E50991800EE2672 /* S_Movement.cpp in Sources */ = {isa = PBXBuildFile; fileRef = 6600F5DC1E50991800EE2672 /* S_Movement.cpp */; };
		6600F5E41E509EED00EE2672 /* S_State.cpp in Sources */ = {isa = PBXBuildFile; fileRef = 6600F5E21E509EED00EE2672 /* S_State.cpp */; };
		6600F5EA1E50D8E600EE2672 /* S_Control.cpp in Sources */ = {isa = PBXBuildFile; fileRef = 6600F5E81E50D8E600EE2672 /* S_Control.cpp */; };
		6600F5ED1E510F6300EE2672 /* S_SheetAnimation.cpp in Sources */ = {isa = PBXBuildFile; fileRef = 6600F5EB1E510F6300EE2672 /* S_SheetAnimation.cpp */; };
		6600F5F31E511A0D00EE2672 /* S_Collision.cpp in Sources */ = {isa = PBXBuildFile; fileRef = 6600F5F11E511A0D00EE2672 /* S_Collision.cpp */; };
		664C7A461E4D04FD0062E37A /* Entity_Manager.cpp in Sources */ = {isa = PBXBuildFile; fileRef = 664C7A441E4D04FD0062E37A /* Entity_Manager.cpp */; };
		664C7A521E4D119F0062E37A /* S_Base.cpp in Sources */ = {isa = PBXBuildFile; fileRef = 664C7A501E4D119F0062E37A /* S_Base.cpp */; };
		664C7A651E4D1A5A0062E37A /* SystemManager.cpp in Sources */ = {isa = PBXBuildFile; fileRef = 664C7A631E4D1A5A0062E37A /* SystemManager.cpp */; };
		664C7A6E1E4E09900062E37A /* S_Renderer.cpp in Sources */ = {isa = PBXBuildFile; fileRef = 664C7A6C1E4E09900062E37A /* S_Renderer.cpp */; };
		667D8BA51E4B68B900484517 /* fonts.cfg in Resources */ = {isa = PBXBuildFile; fileRef = 667D8BA41E4B68B900484517 /* fonts.cfg */; };
		66A511E51E4B673600AC429A /* FontManager.cpp in Sources */ = {isa = PBXBuildFile; fileRef = 66A511E31E4B673600AC429A /* FontManager.cpp */; };
		66A643A51E5131B400997956 /* Profiler.cpp in Sources */ = {isa = PBXBuildFile; fileRef = 66A643A31E5131B400997956 /* Profiler.cpp */; };
		66B047121E508D2D00603AF0 /* tiles.cfg in Resources */ = {isa = PBXBuildFile; fileRef = 66B047111E508D2D00603AF0 /* tiles.cfg */; };
		66BEB9251E48D92800654885 /* ConsoleCursor.cpp in Sources */ = {isa = PBXBuildFile; fileRef = 66BEB9231E48D92800654885 /* ConsoleCursor.cpp */; };
		66CFE4211E47C8C4009333F1 /* Console.cpp in Sources */ = {isa = PBXBuildFile; fileRef = 66CFE41F1E47C8C4009333F1 /* Console.cpp */; };
		66CFE4241E48788B009333F1 /* State_Console.cpp in Sources */ = {isa = PBXBuildFile; fileRef = 66CFE4221E48788B009333F1 /* State_Console.cpp */; };
		66FBE6641E4A1FFA00A9B8D5 /* ConsoleScrollbar.cpp in Sources */ = {isa = PBXBuildFile; fileRef = 66FBE6621E4A1FFA00A9B8D5 /* ConsoleScrollbar.cpp */; };
		D6090D1D1C8617BF00947243 /* StateManager.cpp in Sources */ = {isa = PBXBuildFile; fileRef = D6090D1B1C8617BF00947243 /* StateManager.cpp */; };
		D6314CBF1C8B9186002C041C /* TextureManager.cpp in Sources */ = {isa = PBXBuildFile; fileRef = D6314CBD1C8B9186002C041C /* TextureManager.cpp */; };
		D6314CC31C8B992B002C041C /* SpriteSheet.cpp in Sources */ = {isa = PBXBuildFile; fileRef = D6314CC11C8B992B002C041C /* SpriteSheet.cpp */; };
		D633D3A71C8C4C450054C097 /* AnimBase.cpp in Sources */ = {isa = PBXBuildFile; fileRef = D633D3A51C8C4C450054C097 /* AnimBase.cpp */; };
		D635F0C81C8784E700F868BB /* State_Intro.cpp in Sources */ = {isa = PBXBuildFile; fileRef = D635F0C61C8784E700F868BB /* State_Intro.cpp */; };
		D63A58241C7D25AA00EC1C97 /* Game.cpp in Sources */ = {isa = PBXBuildFile; fileRef = D63A58221C7D25AA00EC1C97 /* Game.cpp */; };
		D67004F31C94C991003EE3F6 /* State_GameOver.cpp in Sources */ = {isa = PBXBuildFile; fileRef = D67004F11C94C991003EE3F6 /* State_GameOver.cpp */; };
		D6810F2B1C82157300A603C5 /* Textbox.cpp in Sources */ = {isa = PBXBuildFile; fileRef = D6810F291C82157300A603C5 /* Textbox.cpp */; };
		D6810F341C8376CD00A603C5 /* EventManager.cpp in Sources */ = {isa = PBXBuildFile; fileRef = D6810F321C8376CD00A603C5 /* EventManager.cpp */; };
		D6842DDE1C7D161F00691541 /* Window.cpp in Sources */ = {isa = PBXBuildFile; fileRef = D6842DDC1C7D161F00691541 /* Window.cpp */; };
		D6A0B6111C8E1C8D00148032 /* media in Resources */ = {isa = PBXBuildFile; fileRef = D6A0B60D1C8E1C8D00148032 /* media */; };
		D6A0B6121C8E1C8D00148032 /* textures.cfg in Resources */ = {isa = PBXBuildFile; fileRef = D6A0B60E1C8E1C8D00148032 /* textures.cfg */; };
		D6A0B6181C8E2BA400148032 /* Map.cpp in Sources */ = {isa = PBXBuildFile; fileRef = D6A0B6161C8E2BA400148032 /* Map.cpp */; };
		D6B609F91C84FDD500E5B970 /* keys.cfg in Resources */ = {isa = PBXBuildFile; fileRef = D6B609F81C84FDD500E5B970 /* keys.cfg */; };
		D6C50BC61C7D152E00C2CCBC /* ResourcePath.mm in Sources */ = {isa = PBXBuildFile; fileRef = D6C50BC51C7D152E00C2CCBC /* ResourcePath.mm */; };
		D6C50BC91C7D152E00C2CCBC /* main.cpp in Sources */ = {isa = PBXBuildFile; fileRef = D6C50BC81C7D152E00C2CCBC /* main.cpp */; };
		D6C8D8C61C88DB080027F8DE /* State_Menu.cpp in Sources */ = {isa = PBXBuildFile; fileRef = D6C8D8C41C88DB080027F8DE /* State_Menu.cpp */; };
		D6C8D8C91C88E4030027F8DE /* State_Game.cpp in Sources */ = {isa = PBXBuildFile; fileRef = D6C8D8C71C88E4030027F8DE /* State_Game.cpp */; };
		D6C8D8CC1C88E8AF0027F8DE /* State_Paused.cpp in Sources */ = {isa = PBXBuildFile; fileRef = D6C8D8CA1C88E8AF0027F8DE /* State_Paused.cpp */; };
/* End PBXBuildFile section */

/* Begin PBXFileReference section */
		6600F5DA1E50987D00EE2672 /* C_Movable.hpp */ = {isa = PBXFileReference; fileEncoding = 4; lastKnownFileType = sourcecode.cpp.h; path = C_Movable.hpp; sourceTree = "<group>"; };
		6600F5DC1E50991800EE2672 /* S_Movement.cpp */ = {isa = PBXFileReference; fileEncoding = 4; lastKnownFileType = sourcecode.cpp.cpp; path = S_Movement.cpp; sourceTree = "<group>"; };
		6600F5DD1E50991800EE2672 /* S_Movement.hpp */ = {isa = PBXFileReference; fileEncoding = 4; lastKnownFileType = sourcecode.cpp.h; path = S_Movement.hpp; sourceTree = "<group>"; };
		6600F5E01E509E1300EE2672 /* C_State.hpp */ = {isa = PBXFileReference; fileEncoding = 4; lastKnownFileType = sourcecode.cpp.h; path = C_State.hpp; sourceTree = "<group>"; };
		6600F5E21E509EED00EE2672 /* S_State.cpp */ = {isa = PBXFileReference; fileEncoding = 4; lastKnownFileType = sourcecode.cpp.cpp; path = S_State.cpp; sourceTree = "<group>"; };
		6600F5E31E509EED00EE2672 /* S_State.hpp */ = {isa = PBXFileReference; fileEncoding = 4; lastKnownFileType = sourcecode.cpp.h; path = S_State.hpp; sourceTree = "<group>"; };
		6600F5E61E50D88000EE2672 /* C_Controller.hpp */ = {isa = PBXFileReference; fileEncoding = 4; lastKnownFileType = sourcecode.cpp.h; path = C_Controller.hpp; sourceTree = "<group>"; };
		6600F5E81E50D8E600EE2672 /* S_Control.cpp */ = {isa = PBXFileReference; fileEncoding = 4; lastKnownFileType = sourcecode.cpp.cpp; path = S_Control.cpp; sourceTree = "<group>"; };
		6600F5E91E50D8E600EE2672 /* S_Control.hpp */ = {isa = PBXFileReference; fileEncoding = 4; lastKnownFileType = sourcecode.cpp.h; path = S_Control.hpp; sourceTree = "<group>"; };
		6600F5EB1E510F6300EE2672 /* S_SheetAnimation.cpp */ = {isa = PBXFileReference; fileEncoding = 4; lastKnownFileType = sourcecode.cpp.cpp; path = S_SheetAnimation.cpp; sourceTree = "<group>"; };
		6600F5EC1E510F6300EE2672 /* S_SheetAnimation.hpp */ = {isa = PBXFileReference; fileEncoding = 4; lastKnownFileType = sourcecode.cpp.h; path = S_SheetAnimation.hpp; sourceTree = "<group>"; };
		6600F5EF1E51191B00EE2672 /* C_Collidable.hpp */ = {isa = PBXFileReference; fileEncoding = 4; lastKnownFileType = sourcecode.cpp.h; path = C_Collidable.hpp; sourceTree = "<group>"; };
		6600F5F11E511A0D00EE2672 /* S_Collision.cpp */ = {isa = PBXFileReference; fileEncoding = 4; lastKnownFileType = sourcecode.cpp.cpp; path = S_Collision.cpp; sourceTree = "<group>"; };
		6600F5F21E511A0D00EE2672 /* S_Collision.hpp */ = {isa = PBXFileReference; fileEncoding = 4; lastKnownFileType = sourcecode.cpp.h; path = S_Collision.hpp; sourceTree = "<group>"; };
		6600F5F51E511FDA00EE2672 /* FPS.hpp */ = {isa = PBXFileReference; fileEncoding = 4; lastKnownFileType = sourcecode.cpp.h; path = FPS.hpp; sourceTree = "<group>"; };
		664C7A3E1E4CF5DA0062E37A /* ECS_Types.h */ = {isa = PBXFileReference; lastKnownFileType = sourcecode.c.h; path = ECS_Types.h; sourceTree = "<group>"; };
		664C7A3F1E4CF6AB0062E37A /* C_Base.h */ = {isa = PBXFileReference; lastKnownFileType = sourcecode.c.h; path = C_Base.h; sourceTree = "<group>"; };
		664C7A411E4D02120062E37A /* C_Position.hpp */ = {isa = PBXFileReference; fileEncoding = 4; lastKnownFileType = sourcecode.cpp.h; path = C_Position.hpp; sourceTree = "<group>"; };
		664C7A431E4D037C0062E37A /* Bitmask.h */ = {isa = PBXFileReference; lastKnownFileType = sourcecode.c.h; path = Bitmask.h; sourceTree = "<group>"; };
		664C7A441E4D04FD0062E37A /* Entity_Manager.cpp */ = {isa = PBXFileReference; fileEncoding = 4; lastKnownFileType = sourcecode.cpp.cpp; path = Entity_Manager.cpp; sourceTree = "<group>"; };
		664C7A451E4D04FD0062E37A /* Entity_Manager.hpp */ = {isa = PBXFileReference; fileEncoding = 4; lastKnownFileType = sourcecode.cpp.h; path = Entity_Manager.hpp; sourceTree = "<group>"; };
		664C7A4A1E4D0CDE0062E37A /* EntityEvent.hpp */ = {isa = PBXFileReference; fileEncoding = 4; lastKnownFileType = sourcecode.cpp.h; path = EntityEvent.hpp; sourceTree = "<group>"; };
		664C7A4D1E4D10EA0062E37A /* EventQueue.hpp */ = {isa = PBXFileReference; fileEncoding = 4; lastKnownFileType = sourcecode.cpp.h; path = EventQueue.hpp; sourceTree = "<group>"; };
		664C7A501E4D119F0062E37A /* S_Base.cpp */ = {isa = PBXFileReference; fileEncoding = 4; lastKnownFileType = sourcecode.cpp.cpp; path = S_Base.cpp; sourceTree = "<group>"; };
		664C7A511E4D119F0062E37A /* S_Base.hpp */ = {isa = PBXFileReference; fileEncoding = 4; lastKnownFileType = sourcecode.cpp.h; path = S_Base.hpp; sourceTree = "<group>"; };
		664C7A551E4D15940062E37A /* Observer.hpp */ = {isa = PBXFileReference; fileEncoding = 4; lastKnownFileType = sourcecode.cpp.h; path = Observer.hpp; sourceTree = "<group>"; };
		664C7A581E4D15C30062E37A /* Message.hpp */ = {isa = PBXFileReference; fileEncoding = 4; lastKnownFileType = sourcecode.cpp.h; path = Message.hpp; sourceTree = "<group>"; };
		664C7A5B1E4D169E0062E37A /* Communicator.hpp */ = {isa = PBXFileReference; fileEncoding = 4; lastKnownFileType = sourcecode.cpp.h; path = Communicator.hpp; sourceTree = "<group>"; };
		664C7A5E1E4D17C00062E37A /* MessageHandler.hpp */ = {isa = PBXFileReference; fileEncoding = 4; lastKnownFileType = sourcecode.cpp.h; path = MessageHandler.hpp; sourceTree = "<group>"; };
		664C7A611E4D18660062E37A /* EntityMessage.hpp */ = {isa = PBXFileReference; fileEncoding = 4; lastKnownFileType = sourcecode.cpp.h; path = EntityMessage.hpp; sourceTree = "<group>"; };
		664C7A631E4D1A5A0062E37A /* SystemManager.cpp */ = {isa = PBXFileReference; fileEncoding = 4; lastKnownFileType = sourcecode.cpp.cpp; path = SystemManager.cpp; sourceTree = "<group>"; };
		664C7A641E4D1A5A0062E37A /* SystemManager.hpp */ = {isa = PBXFileReference; fileEncoding = 4; lastKnownFileType = sourcecode.cpp.h; path = SystemManager.hpp; sourceTree = "<group>"; };
		664C7A671E4E087F0062E37A /* C_Drawable.hpp */ = {isa = PBXFileReference; fileEncoding = 4; lastKnownFileType = sourcecode.cpp.h; path = C_Drawable.hpp; sourceTree = "<group>"; };
		664C7A6A1E4E08E80062E37A /* C_Spritesheet.hpp */ = {isa = PBXFileReference; fileEncoding = 4; lastKnownFileType = sourcecode.cpp.h; path = C_Spritesheet.hpp; sourceTree = "<group>"; };
		664C7A6C1E4E09900062E37A /* S_Renderer.cpp */ = {isa = PBXFileReference; fileEncoding = 4; lastKnownFileType = sourcecode.cpp.cpp; path = S_Renderer.cpp; sourceTree = "<group>"; };
		664C7A6D1E4E09900062E37A /* S_Renderer.hpp */ = {isa = PBXFileReference; fileEncoding = 4; lastKnownFileType = sourcecode.cpp.h; path = S_Renderer.hpp; sourceTree = "<group>"; };
		666ED5471E4BB7680089474E /* json.hpp */ = {isa = PBXFileReference; lastKnownFileType = sourcecode.cpp.h; path = json.hpp; sourceTree = "<group>"; };
		667D8BA41E4B68B900484517 /* fonts.cfg */ = {isa = PBXFileReference; fileEncoding = 4; lastKnownFileType = text; path = fonts.cfg; sourceTree = "<group>"; };
		66A511E31E4B673600AC429A /* FontManager.cpp */ = {isa = PBXFileReference; fileEncoding = 4; lastKnownFileType = sourcecode.cpp.cpp; path = FontManager.cpp; sourceTree = "<group>"; };
		66A511E41E4B673600AC429A /* FontManager.hpp */ = {isa = PBXFileReference; fileEncoding = 4; lastKnownFileType = sourcecode.cpp.h; path = FontManager.hpp; sourceTree = "<group>"; };
		66A643A31E5131B400997956 /* Profiler.cpp */ = {isa = PBXFileReference; fileEncoding = 4; lastKnownFileType = sourcecode.cpp.cpp; path = Profiler.cpp; sourceTree = "<group>"; };
		66A643A41E5131B400997956 /* Profiler.hpp */ = {isa = PBXFileReference; fileEncoding = 4; lastKnownFileType = sourcecode.cpp.h; path = Profiler.hpp; sourceTree = "<group>"; };
		66B047111E508D2D00603AF0 /* tiles.cfg */ = {isa = PBXFileReference; fileEncoding = 4; lastKnownFileType = text; name = tiles.cfg; path = media/tiles.cfg; sourceTree = "<group>"; };
		66BEB9231E48D92800654885 /* ConsoleCursor.cpp */ = {isa = PBXFileReference; fileEncoding = 4; lastKnownFileType = sourcecode.cpp.cpp; path = ConsoleCursor.cpp; sourceTree = "<group>"; };
		66BEB9241E48D92800654885 /* ConsoleCursor.hpp */ = {isa = PBXFileReference; fileEncoding = 4; lastKnownFileType = sourcecode.cpp.h; path = ConsoleCursor.hpp; sourceTree = "<group>"; };
		66CFE41F1E47C8C4009333F1 /* Console.cpp */ = {isa = PBXFileReference; fileEncoding = 4; lastKnownFileType = sourcecode.cpp.cpp; path = Console.cpp; sourceTree = "<group>"; };
		66CFE4201E47C8C4009333F1 /* Console.hpp */ = {isa = PBXFileReference; fileEncoding = 4; lastKnownFileType = sourcecode.cpp.h; path = Console.hpp; sourceTree = "<group>"; };
		66CFE4221E48788B009333F1 /* State_Console.cpp */ = {isa = PBXFileReference; fileEncoding = 4; lastKnownFileType = sourcecode.cpp.cpp; path = State_Console.cpp; sourceTree = "<group>"; };
		66CFE4231E48788B009333F1 /* State_Console.hpp */ = {isa = PBXFileReference; fileEncoding = 4; lastKnownFileType = sourcecode.cpp.h; path = State_Console.hpp; sourceTree = "<group>"; };
		66FBE6621E4A1FFA00A9B8D5 /* ConsoleScrollbar.cpp */ = {isa = PBXFileReference; fileEncoding = 4; lastKnownFileType = sourcecode.cpp.cpp; path = ConsoleScrollbar.cpp; sourceTree = "<group>"; };
		66FBE6631E4A1FFA00A9B8D5 /* ConsoleScrollbar.hpp */ = {isa = PBXFileReference; fileEncoding = 4; lastKnownFileType = sourcecode.cpp.h; path = ConsoleScrollbar.hpp; sourceTree = "<group>"; };
		66FBE6661E4A5DD400A9B8D5 /* ConsoleCommand.hpp */ = {isa = PBXFileReference; fileEncoding = 4; lastKnownFileType = sourcecode.cpp.h; path = ConsoleCommand.hpp; sourceTree = "<group>"; };
		D6090D1B1C8617BF00947243 /* StateManager.cpp */ = {isa = PBXFileReference; fileEncoding = 4; lastKnownFileType = sourcecode.cpp.cpp; path = StateManager.cpp; sourceTree = "<group>"; };
		D6090D1C1C8617BF00947243 /* StateManager.hpp */ = {isa = PBXFileReference; fileEncoding = 4; lastKnownFileType = sourcecode.cpp.h; path = StateManager.hpp; sourceTree = "<group>"; };
		D6090D1E1C8632E700947243 /* BaseState.h */ = {isa = PBXFileReference; lastKnownFileType = sourcecode.c.h; path = BaseState.h; sourceTree = "<group>"; };
		D6090D1F1C863A1B00947243 /* SharedContext.h */ = {isa = PBXFileReference; lastKnownFileType = sourcecode.c.h; path = SharedContext.h; sourceTree = "<group>"; };
		D6314CBC1C8B4C29002C041C /* ResourceManager.h */ = {isa = PBXFileReference; fileEncoding = 4; lastKnownFileType = sourcecode.c.h; path = ResourceManager.h; sourceTree = "<group>"; };
		D6314CBD1C8B9186002C041C /* TextureManager.cpp */ = {isa = PBXFileReference; fileEncoding = 4; lastKnownFileType = sourcecode.cpp.cpp; path = TextureManager.cpp; sourceTree = "<group>"; };
		D6314CBE1C8B9186002C041C /* TextureManager.hpp */ = {isa = PBXFileReference; fileEncoding = 4; lastKnownFileType = sourcecode.cpp.h; path = TextureManager.hpp; sourceTree = "<group>"; };
		D6314CC11C8B992B002C041C /* SpriteSheet.cpp */ = {isa = PBXFileReference; fileEncoding = 4; lastKnownFileType = sourcecode.cpp.cpp; path = SpriteSheet.cpp; sourceTree = "<group>"; };
		D6314CC21C8B992B002C041C /* SpriteSheet.hpp */ = {isa = PBXFileReference; fileEncoding = 4; lastKnownFileType = sourcecode.cpp.h; path = SpriteSheet.hpp; sourceTree = "<group>"; };
		D633D3A51C8C4C450054C097 /* AnimBase.cpp */ = {isa = PBXFileReference; fileEncoding = 4; lastKnownFileType = sourcecode.cpp.cpp; path = AnimBase.cpp; sourceTree = "<group>"; };
		D633D3A61C8C4C450054C097 /* AnimBase.hpp */ = {isa = PBXFileReference; fileEncoding = 4; lastKnownFileType = sourcecode.cpp.h; path = AnimBase.hpp; sourceTree = "<group>"; };
		D633D3A81C8C4DC30054C097 /* Direction.h */ = {isa = PBXFileReference; lastKnownFileType = sourcecode.c.h; path = Direction.h; sourceTree = "<group>"; };
		D635F07E1C877DA100F868BB /* StateType.h */ = {isa = PBXFileReference; lastKnownFileType = sourcecode.c.h; path = StateType.h; sourceTree = "<group>"; };
		D635F0C61C8784E700F868BB /* State_Intro.cpp */ = {isa = PBXFileReference; fileEncoding = 4; lastKnownFileType = sourcecode.cpp.cpp; path = State_Intro.cpp; sourceTree = "<group>"; };
		D635F0C71C8784E700F868BB /* State_Intro.hpp */ = {isa = PBXFileReference; fileEncoding = 4; lastKnownFileType = sourcecode.cpp.h; path = State_Intro.hpp; sourceTree = "<group>"; };
		D63A58221C7D25AA00EC1C97 /* Game.cpp */ = {isa = PBXFileReference; fileEncoding = 4; lastKnownFileType = sourcecode.cpp.cpp; path = Game.cpp; sourceTree = "<group>"; };
		D63A58231C7D25AA00EC1C97 /* Game.hpp */ = {isa = PBXFileReference; fileEncoding = 4; lastKnownFileType = sourcecode.cpp.h; path = Game.hpp; sourceTree = "<group>"; };
		D67004F11C94C991003EE3F6 /* State_GameOver.cpp */ = {isa = PBXFileReference; fileEncoding = 4; lastKnownFileType = sourcecode.cpp.cpp; path = State_GameOver.cpp; sourceTree = "<group>"; };
		D67004F21C94C991003EE3F6 /* State_GameOver.hpp */ = {isa = PBXFileReference; fileEncoding = 4; lastKnownFileType = sourcecode.cpp.h; path = State_GameOver.hpp; sourceTree = "<group>"; };
		D6810F291C82157300A603C5 /* Textbox.cpp */ = {isa = PBXFileReference; fileEncoding = 4; lastKnownFileType = sourcecode.cpp.cpp; path = Textbox.cpp; sourceTree = "<group>"; };
		D6810F2A1C82157300A603C5 /* Textbox.hpp */ = {isa = PBXFileReference; fileEncoding = 4; lastKnownFileType = sourcecode.cpp.h; path = Textbox.hpp; sourceTree = "<group>"; };
		D6810F321C8376CD00A603C5 /* EventManager.cpp */ = {isa = PBXFileReference; fileEncoding = 4; lastKnownFileType = sourcecode.cpp.cpp; path = EventManager.cpp; sourceTree = "<group>"; };
		D6810F331C8376CD00A603C5 /* EventManager.hpp */ = {isa = PBXFileReference; fileEncoding = 4; lastKnownFileType = sourcecode.cpp.h; path = EventManager.hpp; sourceTree = "<group>"; };
		D6842DDC1C7D161F00691541 /* Window.cpp */ = {isa = PBXFileReference; fileEncoding = 4; lastKnownFileType = sourcecode.cpp.cpp; path = Window.cpp; sourceTree = "<group>"; };
		D6842DDD1C7D161F00691541 /* Window.hpp */ = {isa = PBXFileReference; fileEncoding = 4; lastKnownFileType = sourcecode.cpp.h; path = Window.hpp; sourceTree = "<group>"; };
		D68D9E351C933EF70094CF43 /* DebugOverlay.h */ = {isa = PBXFileReference; fileEncoding = 4; lastKnownFileType = sourcecode.c.h; path = DebugOverlay.h; sourceTree = "<group>"; };
		D6A0B60D1C8E1C8D00148032 /* media */ = {isa = PBXFileReference; lastKnownFileType = folder; path = media; sourceTree = "<group>"; };
		D6A0B60E1C8E1C8D00148032 /* textures.cfg */ = {isa = PBXFileReference; fileEncoding = 4; lastKnownFileType = text; path = textures.cfg; sourceTree = "<group>"; };
		D6A0B6161C8E2BA400148032 /* Map.cpp */ = {isa = PBXFileReference; fileEncoding = 4; lastKnownFileType = sourcecode.cpp.cpp; path = Map.cpp; sourceTree = "<group>"; };
		D6A0B6171C8E2BA400148032 /* Map.hpp */ = {isa = PBXFileReference; fileEncoding = 4; lastKnownFileType = sourcecode.cpp.h; path = Map.hpp; sourceTree = "<group>"; };
		D6B609F81C84FDD500E5B970 /* keys.cfg */ = {isa = PBXFileReference; fileEncoding = 4; lastKnownFileType = text; path = keys.cfg; sourceTree = "<group>"; };
		D6C50BC01C7D152E00C2CCBC /* sfml_engine.app */ = {isa = PBXFileReference; explicitFileType = wrapper.application; includeInIndex = 0; path = sfml_engine.app; sourceTree = BUILT_PRODUCTS_DIR; };
		D6C50BC41C7D152E00C2CCBC /* sfml_engine-Info.plist */ = {isa = PBXFileReference; lastKnownFileType = text.plist.xml; path = "sfml_engine-Info.plist"; sourceTree = "<group>"; };
		D6C50BC51C7D152E00C2CCBC /* ResourcePath.mm */ = {isa = PBXFileReference; lastKnownFileType = sourcecode.cpp.objcpp; path = ResourcePath.mm; sourceTree = "<group>"; };
		D6C50BC71C7D152E00C2CCBC /* ResourcePath.hpp */ = {isa = PBXFileReference; lastKnownFileType = sourcecode.cpp.h; path = ResourcePath.hpp; sourceTree = "<group>"; };
		D6C50BC81C7D152E00C2CCBC /* main.cpp */ = {isa = PBXFileReference; lastKnownFileType = sourcecode.cpp.cpp; path = main.cpp; sourceTree = "<group>"; };
		D6C8D8C41C88DB080027F8DE /* State_Menu.cpp */ = {isa = PBXFileReference; fileEncoding = 4; lastKnownFileType = sourcecode.cpp.cpp; path = State_Menu.cpp; sourceTree = "<group>"; };
		D6C8D8C51C88DB080027F8DE /* State_Menu.hpp */ = {isa = PBXFileReference; fileEncoding = 4; lastKnownFileType = sourcecode.cpp.h; path = State_Menu.hpp; sourceTree = "<group>"; };
		D6C8D8C71C88E4030027F8DE /* State_Game.cpp */ = {isa = PBXFileReference; fileEncoding = 4; lastKnownFileType = sourcecode.cpp.cpp; path = State_Game.cpp; sourceTree = "<group>"; };
		D6C8D8C81C88E4030027F8DE /* State_Game.hpp */ = {isa = PBXFileReference; fileEncoding = 4; lastKnownFileType = sourcecode.cpp.h; path = State_Game.hpp; sourceTree = "<group>"; };
		D6C8D8CA1C88E8AF0027F8DE /* State_Paused.cpp */ = {isa = PBXFileReference; fileEncoding = 4; lastKnownFileType = sourcecode.cpp.cpp; path = State_Paused.cpp; sourceTree = "<group>"; };
		D6C8D8CB1C88E8AF0027F8DE /* State_Paused.hpp */ = {isa = PBXFileReference; fileEncoding = 4; lastKnownFileType = sourcecode.cpp.h; path = State_Paused.hpp; sourceTree = "<group>"; };
/* End PBXFileReference section */

/* Begin PBXFrameworksBuildPhase section */
		D6C50BBC1C7D152E00C2CCBC /* Frameworks */ = {
			isa = PBXFrameworksBuildPhase;
			buildActionMask = 2147483647;
			files = (
			);
			runOnlyForDeploymentPostprocessing = 0;
		};
/* End PBXFrameworksBuildPhase section */

/* Begin PBXGroup section */
		664C7A3A1E4CF5240062E37A /* Components */ = {
			isa = PBXGroup;
			children = (
				664C7A3E1E4CF5DA0062E37A /* ECS_Types.h */,
				664C7A3F1E4CF6AB0062E37A /* C_Base.h */,
				664C7A411E4D02120062E37A /* C_Position.hpp */,
				664C7A431E4D037C0062E37A /* Bitmask.h */,
				664C7A671E4E087F0062E37A /* C_Drawable.hpp */,
				664C7A6A1E4E08E80062E37A /* C_Spritesheet.hpp */,
				6600F5DA1E50987D00EE2672 /* C_Movable.hpp */,
				6600F5E01E509E1300EE2672 /* C_State.hpp */,
				6600F5E61E50D88000EE2672 /* C_Controller.hpp */,
				6600F5EF1E51191B00EE2672 /* C_Collidable.hpp */,
			);
			name = Components;
			sourceTree = "<group>";
		};
		664C7A471E4D0CB70062E37A /* Input */ = {
			isa = PBXGroup;
			children = (
				D6810F321C8376CD00A603C5 /* EventManager.cpp */,
				D6810F331C8376CD00A603C5 /* EventManager.hpp */,
			);
			name = Input;
			sourceTree = "<group>";
		};
		664C7A481E4D0CC50062E37A /* Entity */ = {
			isa = PBXGroup;
			children = (
				664C7A4A1E4D0CDE0062E37A /* EntityEvent.hpp */,
				664C7A4D1E4D10EA0062E37A /* EventQueue.hpp */,
			);
			name = Entity;
			sourceTree = "<group>";
		};
		664C7A4F1E4D11850062E37A /* Systems */ = {
			isa = PBXGroup;
			children = (
				664C7A501E4D119F0062E37A /* S_Base.cpp */,
				664C7A511E4D119F0062E37A /* S_Base.hpp */,
				664C7A631E4D1A5A0062E37A /* SystemManager.cpp */,
				664C7A641E4D1A5A0062E37A /* SystemManager.hpp */,
				664C7A6C1E4E09900062E37A /* S_Renderer.cpp */,
				664C7A6D1E4E09900062E37A /* S_Renderer.hpp */,
				6600F5DC1E50991800EE2672 /* S_Movement.cpp */,
				6600F5DD1E50991800EE2672 /* S_Movement.hpp */,
				6600F5E21E509EED00EE2672 /* S_State.cpp */,
				6600F5E31E509EED00EE2672 /* S_State.hpp */,
				6600F5E81E50D8E600EE2672 /* S_Control.cpp */,
				6600F5E91E50D8E600EE2672 /* S_Control.hpp */,
				6600F5EB1E510F6300EE2672 /* S_SheetAnimation.cpp */,
				6600F5EC1E510F6300EE2672 /* S_SheetAnimation.hpp */,
				6600F5F11E511A0D00EE2672 /* S_Collision.cpp */,
				6600F5F21E511A0D00EE2672 /* S_Collision.hpp */,
			);
			name = Systems;
			sourceTree = "<group>";
		};
		664C7A531E4D15830062E37A /* Observer */ = {
			isa = PBXGroup;
			children = (
				664C7A551E4D15940062E37A /* Observer.hpp */,
				664C7A581E4D15C30062E37A /* Message.hpp */,
				664C7A5B1E4D169E0062E37A /* Communicator.hpp */,
				664C7A5E1E4D17C00062E37A /* MessageHandler.hpp */,
				664C7A611E4D18660062E37A /* EntityMessage.hpp */,
			);
			name = Observer;
			sourceTree = "<group>";
		};
		66C6ACC71E5126E800085A65 /* Profiling */ = {
			isa = PBXGroup;
			children = (
				66A643A31E5131B400997956 /* Profiler.cpp */,
				66A643A41E5131B400997956 /* Profiler.hpp */,
			);
			name = Profiling;
			sourceTree = "<group>";
		};
		66CFE41E1E47C8B3009333F1 /* Console */ = {
			isa = PBXGroup;
			children = (
				66CFE41F1E47C8C4009333F1 /* Console.cpp */,
				66CFE4201E47C8C4009333F1 /* Console.hpp */,
				66BEB9231E48D92800654885 /* ConsoleCursor.cpp */,
				66BEB9241E48D92800654885 /* ConsoleCursor.hpp */,
				66FBE6621E4A1FFA00A9B8D5 /* ConsoleScrollbar.cpp */,
				66FBE6631E4A1FFA00A9B8D5 /* ConsoleScrollbar.hpp */,
				66FBE6661E4A5DD400A9B8D5 /* ConsoleCommand.hpp */,
			);
			name = Console;
			sourceTree = "<group>";
		};
		D6090D1A1C86179200947243 /* State Manager */ = {
			isa = PBXGroup;
			children = (
				D6090D1B1C8617BF00947243 /* StateManager.cpp */,
				D6090D1C1C8617BF00947243 /* StateManager.hpp */,
				D6090D1E1C8632E700947243 /* BaseState.h */,
				D6090D1F1C863A1B00947243 /* SharedContext.h */,
				D635F07E1C877DA100F868BB /* StateType.h */,
			);
			name = "State Manager";
			sourceTree = "<group>";
		};
		D614E6051C7E2F170017890C /* Engine */ = {
			isa = PBXGroup;
			children = (
				66C6ACC71E5126E800085A65 /* Profiling */,
				664C7A4F1E4D11850062E37A /* Systems */,
				664C7A3A1E4CF5240062E37A /* Components */,
				666ED5471E4BB7680089474E /* json.hpp */,
				66CFE41E1E47C8B3009333F1 /* Console */,
				D6A0B6191C8E3BF600148032 /* Entity Manager */,
				D6A0B6151C8E1F3400148032 /* Map */,
				D6314CC01C8B991B002C041C /* Sprites */,
				D635F07D1C87742E00F868BB /* Resource Management */,
				D635F07C1C87741600F868BB /* Debug */,
				D635F07B1C87740500F868BB /* Events */,
				D6090D1A1C86179200947243 /* State Manager */,
				D6842DDC1C7D161F00691541 /* Window.cpp */,
				D6842DDD1C7D161F00691541 /* Window.hpp */,
			);
			name = Engine;
			sourceTree = "<group>";
		};
		D6314CC01C8B991B002C041C /* Sprites */ = {
			isa = PBXGroup;
			children = (
				D633D3A91C8C57F60054C097 /* Animations */,
				D6314CC11C8B992B002C041C /* SpriteSheet.cpp */,
				D6314CC21C8B992B002C041C /* SpriteSheet.hpp */,
				D633D3A81C8C4DC30054C097 /* Direction.h */,
			);
			name = Sprites;
			sourceTree = "<group>";
		};
		D633D3A91C8C57F60054C097 /* Animations */ = {
			isa = PBXGroup;
			children = (
				D633D3A51C8C4C450054C097 /* AnimBase.cpp */,
				D633D3A61C8C4C450054C097 /* AnimBase.hpp */,
			);
			name = Animations;
			sourceTree = "<group>";
		};
		D635F07B1C87740500F868BB /* Events */ = {
			isa = PBXGroup;
			children = (
				664C7A531E4D15830062E37A /* Observer */,
				664C7A481E4D0CC50062E37A /* Entity */,
				664C7A471E4D0CB70062E37A /* Input */,
			);
			name = Events;
			sourceTree = "<group>";
		};
		D635F07C1C87741600F868BB /* Debug */ = {
			isa = PBXGroup;
			children = (
				D68D9E351C933EF70094CF43 /* DebugOverlay.h */,
				D6810F291C82157300A603C5 /* Textbox.cpp */,
				D6810F2A1C82157300A603C5 /* Textbox.hpp */,
				6600F5F51E511FDA00EE2672 /* FPS.hpp */,
			);
			name = Debug;
			sourceTree = "<group>";
		};
		D635F07D1C87742E00F868BB /* Resource Management */ = {
			isa = PBXGroup;
			children = (
				D6C50BC51C7D152E00C2CCBC /* ResourcePath.mm */,
				D6C50BC71C7D152E00C2CCBC /* ResourcePath.hpp */,
				D6314CBC1C8B4C29002C041C /* ResourceManager.h */,
				D6314CBD1C8B9186002C041C /* TextureManager.cpp */,
				D6314CBE1C8B9186002C041C /* TextureManager.hpp */,
				66A511E31E4B673600AC429A /* FontManager.cpp */,
				66A511E41E4B673600AC429A /* FontManager.hpp */,
			);
			name = "Resource Management";
			sourceTree = "<group>";
		};
		D635F0C51C8784D400F868BB /* States */ = {
			isa = PBXGroup;
			children = (
				D6C8D8CA1C88E8AF0027F8DE /* State_Paused.cpp */,
				D6C8D8CB1C88E8AF0027F8DE /* State_Paused.hpp */,
				D635F0C61C8784E700F868BB /* State_Intro.cpp */,
				D635F0C71C8784E700F868BB /* State_Intro.hpp */,
				D6C8D8C41C88DB080027F8DE /* State_Menu.cpp */,
				D6C8D8C51C88DB080027F8DE /* State_Menu.hpp */,
				D6C8D8C71C88E4030027F8DE /* State_Game.cpp */,
				D6C8D8C81C88E4030027F8DE /* State_Game.hpp */,
				D67004F11C94C991003EE3F6 /* State_GameOver.cpp */,
				D67004F21C94C991003EE3F6 /* State_GameOver.hpp */,
				66CFE4221E48788B009333F1 /* State_Console.cpp */,
				66CFE4231E48788B009333F1 /* State_Console.hpp */,
			);
			name = States;
			sourceTree = "<group>";
		};
		D63A58271C7DBE9600EC1C97 /* Game */ = {
			isa = PBXGroup;
			children = (
				D635F0C51C8784D400F868BB /* States */,
				D63A58221C7D25AA00EC1C97 /* Game.cpp */,
				D63A58231C7D25AA00EC1C97 /* Game.hpp */,
			);
			name = Game;
			sourceTree = "<group>";
		};
		D6A0B6151C8E1F3400148032 /* Map */ = {
			isa = PBXGroup;
			children = (
				D6A0B6161C8E2BA400148032 /* Map.cpp */,
				D6A0B6171C8E2BA400148032 /* Map.hpp */,
			);
			name = Map;
			sourceTree = "<group>";
		};
		D6A0B6191C8E3BF600148032 /* Entity Manager */ = {
			isa = PBXGroup;
			children = (
				664C7A441E4D04FD0062E37A /* Entity_Manager.cpp */,
				664C7A451E4D04FD0062E37A /* Entity_Manager.hpp */,
			);
			name = "Entity Manager";
			sourceTree = "<group>";
		};
		D6C50BB61C7D152E00C2CCBC = {
			isa = PBXGroup;
			children = (
				D6C50BC21C7D152E00C2CCBC /* sfml_engine */,
				D6C50BC11C7D152E00C2CCBC /* Products */,
			);
			sourceTree = "<group>";
		};
		D6C50BC11C7D152E00C2CCBC /* Products */ = {
			isa = PBXGroup;
			children = (
				D6C50BC01C7D152E00C2CCBC /* sfml_engine.app */,
			);
			name = Products;
			sourceTree = "<group>";
		};
		D6C50BC21C7D152E00C2CCBC /* sfml_engine */ = {
			isa = PBXGroup;
			children = (
				D614E6051C7E2F170017890C /* Engine */,
				D63A58271C7DBE9600EC1C97 /* Game */,
				D6C50BC81C7D152E00C2CCBC /* main.cpp */,
				D6C50BCA1C7D152E00C2CCBC /* Resources */,
				D6C50BC31C7D152E00C2CCBC /* Supporting Files */,
			);
			path = sfml_engine;
			sourceTree = "<group>";
		};
		D6C50BC31C7D152E00C2CCBC /* Supporting Files */ = {
			isa = PBXGroup;
			children = (
				D6C50BC41C7D152E00C2CCBC /* sfml_engine-Info.plist */,
			);
			name = "Supporting Files";
			sourceTree = "<group>";
		};
		D6C50BCA1C7D152E00C2CCBC /* Resources */ = {
			isa = PBXGroup;
			children = (
				D6A0B60D1C8E1C8D00148032 /* media */,
				D6A0B60E1C8E1C8D00148032 /* textures.cfg */,
				667D8BA41E4B68B900484517 /* fonts.cfg */,
				66B047111E508D2D00603AF0 /* tiles.cfg */,
				D6B609F81C84FDD500E5B970 /* keys.cfg */,
			);
			name = Resources;
			sourceTree = "<group>";
		};
/* End PBXGroup section */

/* Begin PBXNativeTarget section */
		D6C50BBF1C7D152E00C2CCBC /* sfml_engine */ = {
			isa = PBXNativeTarget;
			buildConfigurationList = D6C50BD51C7D152E00C2CCBC /* Build configuration list for PBXNativeTarget "sfml_engine" */;
			buildPhases = (
				D6C50BBB1C7D152E00C2CCBC /* Sources */,
				D6C50BBC1C7D152E00C2CCBC /* Frameworks */,
				D6C50BBD1C7D152E00C2CCBC /* Resources */,
				D6C50BBE1C7D152E00C2CCBC /* ShellScript */,
			);
			buildRules = (
			);
			dependencies = (
			);
			name = sfml_engine;
			productName = sfml_engine;
			productReference = D6C50BC01C7D152E00C2CCBC /* sfml_engine.app */;
			productType = "com.apple.product-type.application";
		};
/* End PBXNativeTarget section */

/* Begin PBXProject section */
		D6C50BB71C7D152E00C2CCBC /* Project object */ = {
			isa = PBXProject;
			attributes = {
				LastUpgradeCheck = 0820;
				ORGANIZATIONNAME = "Gandhi Games";
				TargetAttributes = {
					D6C50BBF1C7D152E00C2CCBC = {
						CreatedOnToolsVersion = 7.2.1;
					};
				};
			};
			buildConfigurationList = D6C50BBA1C7D152E00C2CCBC /* Build configuration list for PBXProject "sfml_engine" */;
			compatibilityVersion = "Xcode 3.2";
			developmentRegion = English;
			hasScannedForEncodings = 0;
			knownRegions = (
				en,
			);
			mainGroup = D6C50BB61C7D152E00C2CCBC;
			productRefGroup = D6C50BC11C7D152E00C2CCBC /* Products */;
			projectDirPath = "";
			projectRoot = "";
			targets = (
				D6C50BBF1C7D152E00C2CCBC /* sfml_engine */,
			);
		};
/* End PBXProject section */

/* Begin PBXResourcesBuildPhase section */
		D6C50BBD1C7D152E00C2CCBC /* Resources */ = {
			isa = PBXResourcesBuildPhase;
			buildActionMask = 2147483647;
			files = (
				D6A0B6111C8E1C8D00148032 /* media in Resources */,
				667D8BA51E4B68B900484517 /* fonts.cfg in Resources */,
				66B047121E508D2D00603AF0 /* tiles.cfg in Resources */,
				D6B609F91C84FDD500E5B970 /* keys.cfg in Resources */,
				D6A0B6121C8E1C8D00148032 /* textures.cfg in Resources */,
			);
			runOnlyForDeploymentPostprocessing = 0;
		};
/* End PBXResourcesBuildPhase section */

/* Begin PBXShellScriptBuildPhase section */
		D6C50BBE1C7D152E00C2CCBC /* ShellScript */ = {
			isa = PBXShellScriptBuildPhase;
			buildActionMask = 2147483647;
			files = (
			);
			inputPaths = (
			);
			outputPaths = (
			);
			runOnlyForDeploymentPostprocessing = 0;
			shellPath = /bin/sh;
			shellScript = "# This shell script simply copies required SFML dylibs/frameworks into the application bundle frameworks folder.\n# If you're using static libraries (which is not recommended) you should remove this script from your project.\n\n# SETTINGS\nCMAKE_INSTALL_FRAMEWORK_PREFIX=\"/Library/Frameworks\"\nCMAKE_INSTALL_LIB_PREFIX=\"/usr/local/lib\"\nFRAMEWORKS_FULL_PATH=\"$BUILT_PRODUCTS_DIR/$FRAMEWORKS_FOLDER_PATH/\"\n\n# Are we building a project that uses frameworks or dylibs?\ncase \"$SFML_BINARY_TYPE\" in\n    DYLIBS)\n        frameworks=\"false\"\n        ;;\n    *)\n        frameworks=\"true\"\n        ;;\nesac\n\n# Echoes to stderr\nerror () # $* message to display\n{\n    echo $* 1>&2\n    exit 2\n}\n\nassert () # $1 is a boolean, $2...N is an error message\n{\n    if [ $# -lt 2 ]\n    then\n        error \"Internal error in assert: not enough args\"\n    fi\n\n    if [ $1 -ne 0 ]\n    then\n        shift\n        error \"$*\"\n    fi\n}\n\nforce_remove () # $@ is some paths\n{\n    test $# -ge 1\n    assert $? \"force_remove() requires at least one parameter\"\n    rm -fr $@\n    assert $? \"couldn't remove $@\"\n}\n\ncopy () # $1 is a source, $2 is a destination\n{\n    test $# -eq 2\n    assert $? \"copy() requires two parameters\"\n    ditto \"$1\" \"$2\"\n    assert $? \"couldn't copy $1 to $2\"\n}\n\nrequire () # $1 is a SFML module like 'system' or 'audio'\n{\n    dest=\"$BUILT_PRODUCTS_DIR/$FRAMEWORKS_FOLDER_PATH/\"\n\n    if [ -z \"$1\" ]\n    then\n        error \"require() requires one parameter!\"\n    else\n        # clean potentially old stuff\n        force_remove \"$dest/libsfml-$1\"*\n        force_remove \"$dest/sfml-$1.framework\"\n\n        # copy SFML libraries\n        if [ \"$frameworks\" = \"true\" ]\n        then\n            source=\"$CMAKE_INSTALL_FRAMEWORK_PREFIX/sfml-$1.framework\"\n            target=\"sfml-$1.framework\"\n        elif [ \"$SFML_LINK_DYLIBS_SUFFIX\" = \"-d\" ]\n        then\n            source=\"$CMAKE_INSTALL_LIB_PREFIX/libsfml-$1-d.dylib\"\n            target=\"`readlink $source`\"\n        else\n            source=\"$CMAKE_INSTALL_LIB_PREFIX/libsfml-$1.dylib\"\n            target=\"`readlink $source`\"\n        fi\n\n        copy \"$source\" \"$dest/$target\"\n\n        # copy extra dependencies\n        if [ \"$1\" = \"audio\" ]\n        then\n            # copy \"FLAC\" \"ogg\" \"vorbis\" \"vorbisenc\" \"vorbisfile\" \"OpenAL\" frameworks too\n            for f in \"FLAC\" \"ogg\" \"vorbis\" \"vorbisenc\" \"vorbisfile\" \"OpenAL\"\n            do\n                copy \"$CMAKE_INSTALL_FRAMEWORK_PREFIX/$f.framework\" \"$dest/$f.framework\"\n            done\n        elif [ \"$1\" = \"graphics\" ]\n        then\n            copy \"$CMAKE_INSTALL_FRAMEWORK_PREFIX/freetype.framework\" \"$dest/freetype.framework\"\n        fi\n    fi\n}\n\nif [ -n \"$SFML_SYSTEM\" ]\nthen\n    require \"system\"\nfi\n\nif [ -n \"$SFML_AUDIO\" ]\nthen\n    require \"audio\"\nfi\n\nif [ -n \"$SFML_NETWORK\" ]\nthen\n    require \"network\"\nfi\n\nif [ -n \"$SFML_WINDOW\" ]\nthen\n    require \"window\"\nfi\n\nif [ -n \"$SFML_GRAPHICS\" ]\nthen\n    require \"graphics\"\nfi\n\n                ";
		};
/* End PBXShellScriptBuildPhase section */

/* Begin PBXSourcesBuildPhase section */
		D6C50BBB1C7D152E00C2CCBC /* Sources */ = {
			isa = PBXSourcesBuildPhase;
			buildActionMask = 2147483647;
			files = (
				664C7A521E4D119F0062E37A /* S_Base.cpp in Sources */,
				D67004F31C94C991003EE3F6 /* State_GameOver.cpp in Sources */,
				D6C50BC91C7D152E00C2CCBC /* main.cpp in Sources */,
				66CFE4211E47C8C4009333F1 /* Console.cpp in Sources */,
				6600F5E41E509EED00EE2672 /* S_State.cpp in Sources */,
				D6842DDE1C7D161F00691541 /* Window.cpp in Sources */,
				6600F5F31E511A0D00EE2672 /* S_Collision.cpp in Sources */,
				66BEB9251E48D92800654885 /* ConsoleCursor.cpp in Sources */,
				66CFE4241E48788B009333F1 /* State_Console.cpp in Sources */,
				D6810F2B1C82157300A603C5 /* Textbox.cpp in Sources */,
				D6090D1D1C8617BF00947243 /* StateManager.cpp in Sources */,
				D6C50BC61C7D152E00C2CCBC /* ResourcePath.mm in Sources */,
				664C7A651E4D1A5A0062E37A /* SystemManager.cpp in Sources */,
				66FBE6641E4A1FFA00A9B8D5 /* ConsoleScrollbar.cpp in Sources */,
				D6A0B6181C8E2BA400148032 /* Map.cpp in Sources */,
				6600F5ED1E510F6300EE2672 /* S_SheetAnimation.cpp in Sources */,
				D6810F341C8376CD00A603C5 /* EventManager.cpp in Sources */,
				6600F5DE1E50991800EE2672 /* S_Movement.cpp in Sources */,
				D6314CC31C8B992B002C041C /* SpriteSheet.cpp in Sources */,
				D635F0C81C8784E700F868BB /* State_Intro.cpp in Sources */,
				D6C8D8C91C88E4030027F8DE /* State_Game.cpp in Sources */,
				664C7A461E4D04FD0062E37A /* Entity_Manager.cpp in Sources */,
				664C7A6E1E4E09900062E37A /* S_Renderer.cpp in Sources */,
				D633D3A71C8C4C450054C097 /* AnimBase.cpp in Sources */,
				D6C8D8C61C88DB080027F8DE /* State_Menu.cpp in Sources */,
				66A643A51E5131B400997956 /* Profiler.cpp in Sources */,
				D6C8D8CC1C88E8AF0027F8DE /* State_Paused.cpp in Sources */,
				66A511E51E4B673600AC429A /* FontManager.cpp in Sources */,
				D63A58241C7D25AA00EC1C97 /* Game.cpp in Sources */,
				D6314CBF1C8B9186002C041C /* TextureManager.cpp in Sources */,
				6600F5EA1E50D8E600EE2672 /* S_Control.cpp in Sources */,
			);
			runOnlyForDeploymentPostprocessing = 0;
		};
/* End PBXSourcesBuildPhase section */

/* Begin XCBuildConfiguration section */
		D6C50BD31C7D152E00C2CCBC /* Debug */ = {
			isa = XCBuildConfiguration;
			buildSettings = {
				CLANG_CXX_LANGUAGE_STANDARD = "c++0x";
				CLANG_CXX_LIBRARY = "libc++";
				CLANG_WARN_BOOL_CONVERSION = YES;
				CLANG_WARN_CONSTANT_CONVERSION = YES;
				CLANG_WARN_EMPTY_BODY = YES;
				CLANG_WARN_ENUM_CONVERSION = YES;
				CLANG_WARN_INFINITE_RECURSION = YES;
				CLANG_WARN_INT_CONVERSION = YES;
				CLANG_WARN_SUSPICIOUS_MOVE = YES;
				CLANG_WARN_UNREACHABLE_CODE = YES;
				CLANG_WARN__DUPLICATE_METHOD_MATCH = YES;
				ENABLE_STRICT_OBJC_MSGSEND = YES;
				ENABLE_TESTABILITY = YES;
				FRAMEWORK_SEARCH_PATHS = (
					/Library/Frameworks/,
					"$(inherited)",
				);
				GCC_NO_COMMON_BLOCKS = YES;
				GCC_VERSION = com.apple.compilers.llvm.clang.1_0;
				GCC_WARN_64_TO_32_BIT_CONVERSION = YES;
				GCC_WARN_ABOUT_RETURN_TYPE = YES;
				GCC_WARN_UNDECLARED_SELECTOR = YES;
				GCC_WARN_UNINITIALIZED_AUTOS = YES;
				GCC_WARN_UNUSED_FUNCTION = YES;
				GCC_WARN_UNUSED_VARIABLE = YES;
				HEADER_SEARCH_PATHS = (
					/usr/local/include/,
					"$(inherited)",
				);
				LIBRARY_SEARCH_PATHS = (
					/usr/local/lib/,
					"$(inherited)",
				);
				MACOSX_DEPLOYMENT_TARGET = 10.7;
				ONLY_ACTIVE_ARCH = YES;
				OTHER_LDFLAGS = (
					"$(inherited)",
					"$(SFML_SYSTEM)",
					"$(SFML_WINDOW)",
					"$(SFML_GRAPHICS)",
					"$(SFML_AUDIO)",
					"$(SFML_NETWORK)",
				);
				SFML_AUDIO = "$(SFML_LINK_PREFIX) sfml-audio$(SFML_LINK_SUFFIX)";
				SFML_BINARY_TYPE = FRAMEWORKS;
				SFML_GRAPHICS = "$(SFML_LINK_PREFIX) sfml-graphics$(SFML_LINK_SUFFIX)";
				SFML_LINK_DYLIBS_PREFIX = "-l";
				SFML_LINK_DYLIBS_SUFFIX = "";
				SFML_LINK_FRAMEWORKS_PREFIX = "-framework";
				SFML_LINK_FRAMEWORKS_SUFFIX = "";
				SFML_LINK_PREFIX = "$(SFML_LINK_$(SFML_BINARY_TYPE)_PREFIX)";
				SFML_LINK_SUFFIX = "$(SFML_LINK_$(SFML_BINARY_TYPE)_SUFFIX)";
				SFML_NETWORK = "$(SFML_LINK_PREFIX) sfml-network$(SFML_LINK_SUFFIX)";
				SFML_SYSTEM = "$(SFML_LINK_PREFIX) sfml-system$(SFML_LINK_SUFFIX)";
				SFML_WINDOW = "$(SFML_LINK_PREFIX) sfml-window$(SFML_LINK_SUFFIX)";
				SUPPORTED_PLATFORMS = macosx;
			};
			name = Debug;
		};
		D6C50BD41C7D152E00C2CCBC /* Release */ = {
			isa = XCBuildConfiguration;
			buildSettings = {
				CLANG_CXX_LANGUAGE_STANDARD = "c++0x";
				CLANG_CXX_LIBRARY = "libc++";
				CLANG_WARN_BOOL_CONVERSION = YES;
				CLANG_WARN_CONSTANT_CONVERSION = YES;
				CLANG_WARN_EMPTY_BODY = YES;
				CLANG_WARN_ENUM_CONVERSION = YES;
				CLANG_WARN_INFINITE_RECURSION = YES;
				CLANG_WARN_INT_CONVERSION = YES;
				CLANG_WARN_SUSPICIOUS_MOVE = YES;
				CLANG_WARN_UNREACHABLE_CODE = YES;
				CLANG_WARN__DUPLICATE_METHOD_MATCH = YES;
				ENABLE_STRICT_OBJC_MSGSEND = YES;
				FRAMEWORK_SEARCH_PATHS = (
					/Library/Frameworks/,
					"$(inherited)",
				);
				GCC_NO_COMMON_BLOCKS = YES;
				GCC_VERSION = com.apple.compilers.llvm.clang.1_0;
				GCC_WARN_64_TO_32_BIT_CONVERSION = YES;
				GCC_WARN_ABOUT_RETURN_TYPE = YES;
				GCC_WARN_UNDECLARED_SELECTOR = YES;
				GCC_WARN_UNINITIALIZED_AUTOS = YES;
				GCC_WARN_UNUSED_FUNCTION = YES;
				GCC_WARN_UNUSED_VARIABLE = YES;
				HEADER_SEARCH_PATHS = (
					/usr/local/include/,
					"$(inherited)",
				);
				LIBRARY_SEARCH_PATHS = (
					/usr/local/lib/,
					"$(inherited)",
				);
				MACOSX_DEPLOYMENT_TARGET = 10.7;
				OTHER_LDFLAGS = (
					"$(inherited)",
					"$(SFML_SYSTEM)",
					"$(SFML_WINDOW)",
					"$(SFML_GRAPHICS)",
					"$(SFML_AUDIO)",
					"$(SFML_NETWORK)",
				);
				SFML_AUDIO = "$(SFML_LINK_PREFIX) sfml-audio$(SFML_LINK_SUFFIX)";
				SFML_BINARY_TYPE = FRAMEWORKS;
				SFML_GRAPHICS = "$(SFML_LINK_PREFIX) sfml-graphics$(SFML_LINK_SUFFIX)";
				SFML_LINK_DYLIBS_PREFIX = "-l";
				SFML_LINK_DYLIBS_SUFFIX = "";
				SFML_LINK_FRAMEWORKS_PREFIX = "-framework";
				SFML_LINK_FRAMEWORKS_SUFFIX = "";
				SFML_LINK_PREFIX = "$(SFML_LINK_$(SFML_BINARY_TYPE)_PREFIX)";
				SFML_LINK_SUFFIX = "$(SFML_LINK_$(SFML_BINARY_TYPE)_SUFFIX)";
				SFML_NETWORK = "$(SFML_LINK_PREFIX) sfml-network$(SFML_LINK_SUFFIX)";
				SFML_SYSTEM = "$(SFML_LINK_PREFIX) sfml-system$(SFML_LINK_SUFFIX)";
				SFML_WINDOW = "$(SFML_LINK_PREFIX) sfml-window$(SFML_LINK_SUFFIX)";
				SUPPORTED_PLATFORMS = macosx;
			};
			name = Release;
		};
		D6C50BD61C7D152E00C2CCBC /* Debug */ = {
			isa = XCBuildConfiguration;
			buildSettings = {
				CLANG_CXX_LANGUAGE_STANDARD = "c++14";
				GCC_OPTIMIZATION_LEVEL = s;
				INFOPLIST_FILE = "sfml_engine/sfml_engine-Info.plist";
				LD_RUNPATH_SEARCH_PATHS = "@loader_path/../Frameworks @executable_path/../Frameworks";
				LIBRARY_SEARCH_PATHS = "";
				PRODUCT_BUNDLE_IDENTIFIER = "gandhigames.${PRODUCT_NAME:rfc1034identifier}";
				PRODUCT_NAME = "$(TARGET_NAME)";
				STRIP_INSTALLED_PRODUCT = YES;
			};
			name = Debug;
		};
		D6C50BD71C7D152E00C2CCBC /* Release */ = {
			isa = XCBuildConfiguration;
			buildSettings = {
				CLANG_CXX_LANGUAGE_STANDARD = "c++14";
				GCC_OPTIMIZATION_LEVEL = s;
				INFOPLIST_FILE = "sfml_engine/sfml_engine-Info.plist";
				LD_RUNPATH_SEARCH_PATHS = "@loader_path/../Frameworks @executable_path/../Frameworks";
				LIBRARY_SEARCH_PATHS = "";
				PRODUCT_BUNDLE_IDENTIFIER = "gandhigames.${PRODUCT_NAME:rfc1034identifier}";
				PRODUCT_NAME = "$(TARGET_NAME)";
				STRIP_INSTALLED_PRODUCT = YES;
			};
			name = Release;
		};
/* End XCBuildConfiguration section */

/* Begin XCConfigurationList section */
		D6C50BBA1C7D152E00C2CCBC /* Build configuration list for PBXProject "sfml_engine" */ = {
			isa = XCConfigurationList;
			buildConfigurations = (
				D6C50BD31C7D152E00C2CCBC /* Debug */,
				D6C50BD41C7D152E00C2CCBC /* Release */,
			);
			defaultConfigurationIsVisible = 0;
			defaultConfigurationName = Release;
		};
		D6C50BD51C7D152E00C2CCBC /* Build configuration list for PBXNativeTarget "sfml_engine" */ = {
			isa = XCConfigurationList;
			buildConfigurations = (
				D6C50BD61C7D152E00C2CCBC /* Debug */,
				D6C50BD71C7D152E00C2CCBC /* Release */,
			);
			defaultConfigurationIsVisible = 0;
			defaultConfigurationName = Release;
		};
/* End XCConfigurationList section */
	};
	rootObject = D6C50BB71C7D152E00C2CCBC /* Project object */;
}
